DEPENDENCIES
  grafana (~> 3.0.1)

GRAPH
  build-essential (8.2.1)
    mingw (>= 1.1)
    seven_zip (>= 0.0.0)
  grafana (3.0.1)
    nginx (>= 7.0)
  mingw (2.1.0)
    seven_zip (>= 0.0.0)
  nginx (9.0.0)
    build-essential (>= 5.0)
    ohai (>= 4.1.0)
    yum-epel (>= 0.0.0)
  ohai (5.2.5)
  seven_zip (3.1.0)
    windows (>= 0.0.0)
  windows (5.2.3)
  yum-epel (3.3.0)
